
Microsoft Visual Studio Solution File, Format Version 12.00
# Visual Studio 15
VisualStudioVersion = 15.0.28307.489
MinimumVisualStudioVersion = 10.0.40219.1
Project("{FAE04EC0-301F-11D3-BF4B-00C04F79EFBC}") = "FaceDetection", "FaceDetection.csproj", "{2803E0AC-CDE6-4A7D-9700-96FAD6B205BB}"
EndProject
Global
	GlobalSection(SolutionConfigurationPlatforms) = preSolution
		Debug|Any CPU = Debug|Any CPU
		Release|Any CPU = Release|Any CPU
	EndGlobalSection
	GlobalSection(ProjectConfigurationPlatforms) = postSolution
		{2803E0AC-CDE6-4A7D-9700-96FAD6B205BB}.Debug|Any CPU.ActiveCfg = Debug|Any CPU
		{2803E0AC-CDE6-4A7D-9700-96FAD6B205BB}.Debug|Any CPU.Build.0 = Debug|Any CPU
		{2803E0AC-CDE6-4A7D-9700-96FAD6B205BB}.Release|Any CPU.ActiveCfg = Release|Any CPU
		{2803E0AC-CDE6-4A7D-9700-96FAD6B205BB}.Release|Any CPU.Build.0 = Release|Any CPU
	EndGlobalSection
	GlobalSection(SolutionProperties) = preSolution
		HideSolutionNode = FALSE
	EndGlobalSection
	GlobalSection(ExtensibilityGlobals) = postSolution
		SolutionGuid = {C90A7FED-2408-486E-8500-EA9BFD4897D8}
	EndGlobalSection
EndGlobal
